// !$*UTF8*$!
{
	archiveVersion = 1;
	classes = {
	};
	objectVersion = 46;
	objects = {

/* Begin PBXBuildFile section */
		A9043D841B63784A0081B774 /* NYCCore.h in Headers */ = {isa = PBXBuildFile; fileRef = A9043D831B63784A0081B774 /* NYCCore.h */; settings = {ATTRIBUTES = (Public, ); }; };
		A9043D8B1B63784A0081B774 /* NYCCore.framework in Frameworks */ = {isa = PBXBuildFile; fileRef = A9043D811B63784A0081B774 /* NYCCore.framework */; };
		A9043D901B63784A0081B774 /* NYCCoreTests.m in Sources */ = {isa = PBXBuildFile; fileRef = A9043D8F1B63784A0081B774 /* NYCCoreTests.m */; };
		A9043DA11B6378690081B774 /* ImageProcessor.swift in Sources */ = {isa = PBXBuildFile; fileRef = A9043D981B6378690081B774 /* ImageProcessor.swift */; };
		A9043DA21B6378690081B774 /* ImageScanner.swift in Sources */ = {isa = PBXBuildFile; fileRef = A9043D991B6378690081B774 /* ImageScanner.swift */; };
		A9043DA71B6378690081B774 /* Options.swift in Sources */ = {isa = PBXBuildFile; fileRef = A9043D9E1B6378690081B774 /* Options.swift */; };
		A9043DA81B6378690081B774 /* RAWConverter.swift in Sources */ = {isa = PBXBuildFile; fileRef = A9043D9F1B6378690081B774 /* RAWConverter.swift */; };
		A9043DA91B6378690081B774 /* Renamer.swift in Sources */ = {isa = PBXBuildFile; fileRef = A9043DA01B6378690081B774 /* Renamer.swift */; };
		A9043DAD1B6378F90081B774 /* NYCCore.framework in Frameworks */ = {isa = PBXBuildFile; fileRef = A9043D811B63784A0081B774 /* NYCCore.framework */; };
		A9043DBD1B6379650081B774 /* JGFPhotoMetadata.framework in Frameworks */ = {isa = PBXBuildFile; fileRef = A9043DB31B6379650081B774 /* JGFPhotoMetadata.framework */; };
		A9043DC21B6379650081B774 /* JGFPhotoMetadataTests.m in Sources */ = {isa = PBXBuildFile; fileRef = A9043DC11B6379650081B774 /* JGFPhotoMetadataTests.m */; };
		A9043DCE1B63797D0081B774 /* JGFPhotoMetadata.h in Headers */ = {isa = PBXBuildFile; fileRef = A9043DCA1B63797D0081B774 /* JGFPhotoMetadata.h */; settings = {ATTRIBUTES = (Public, ); }; };
		A9043DD01B63797D0081B774 /* JGFPhotoProperty.h in Headers */ = {isa = PBXBuildFile; fileRef = A9043DCC1B63797D0081B774 /* JGFPhotoProperty.h */; settings = {ATTRIBUTES = (Public, ); }; };
		A9043DD11B63797D0081B774 /* JGFPhotoProperty.m in Sources */ = {isa = PBXBuildFile; fileRef = A9043DCD1B63797D0081B774 /* JGFPhotoProperty.m */; };
		A9043DD41B6379E70081B774 /* JGFPhotoProperties.h in Headers */ = {isa = PBXBuildFile; fileRef = A9043DD21B6379E70081B774 /* JGFPhotoProperties.h */; settings = {ATTRIBUTES = (Public, ); }; };
		A9043DD51B6379E70081B774 /* JGFPhotoProperties.m in Sources */ = {isa = PBXBuildFile; fileRef = A9043DD31B6379E70081B774 /* JGFPhotoProperties.m */; };
		A9043DD81B637A190081B774 /* JGFPhotoMetadata.framework in Frameworks */ = {isa = PBXBuildFile; fileRef = A9043DB31B6379650081B774 /* JGFPhotoMetadata.framework */; };
		A9043DDB1B637D970081B774 /* JGFGPSPhotoProperties.h in Headers */ = {isa = PBXBuildFile; fileRef = A9043DD91B637D970081B774 /* JGFGPSPhotoProperties.h */; settings = {ATTRIBUTES = (Public, ); }; };
		A9043DDC1B637D970081B774 /* JGFGPSPhotoProperties.m in Sources */ = {isa = PBXBuildFile; fileRef = A9043DDA1B637D970081B774 /* JGFGPSPhotoProperties.m */; };
		A9043DE21B6385630081B774 /* JGFTGPSPhotoProperties.swift in Sources */ = {isa = PBXBuildFile; fileRef = A9043DE11B6385630081B774 /* JGFTGPSPhotoProperties.swift */; };
		A9043DE41B638A9E0081B774 /* sallykins.jpg in Resources */ = {isa = PBXBuildFile; fileRef = A9043DE31B638A9E0081B774 /* sallykins.jpg */; };
		A98286331B6249D70049D193 /* main.swift in Sources */ = {isa = PBXBuildFile; fileRef = A982862D1B6249D70049D193 /* main.swift */; };
/* End PBXBuildFile section */

/* Begin PBXContainerItemProxy section */
		A9043D8C1B63784A0081B774 /* PBXContainerItemProxy */ = {
			isa = PBXContainerItemProxy;
			containerPortal = A98286121B62498D0049D193 /* Project object */;
			proxyType = 1;
			remoteGlobalIDString = A9043D801B63784A0081B774;
			remoteInfo = NYCCore;
		};
		A9043DAB1B6378F30081B774 /* PBXContainerItemProxy */ = {
			isa = PBXContainerItemProxy;
			containerPortal = A98286121B62498D0049D193 /* Project object */;
			proxyType = 1;
			remoteGlobalIDString = A9043D801B63784A0081B774;
			remoteInfo = NYCCore;
		};
		A9043DBE1B6379650081B774 /* PBXContainerItemProxy */ = {
			isa = PBXContainerItemProxy;
			containerPortal = A98286121B62498D0049D193 /* Project object */;
			proxyType = 1;
			remoteGlobalIDString = A9043DB21B6379650081B774;
			remoteInfo = JGFPhotoMetadata;
		};
		A9043DD61B637A130081B774 /* PBXContainerItemProxy */ = {
			isa = PBXContainerItemProxy;
			containerPortal = A98286121B62498D0049D193 /* Project object */;
			proxyType = 1;
			remoteGlobalIDString = A9043DB21B6379650081B774;
			remoteInfo = JGFPhotoMetadata;
		};
/* End PBXContainerItemProxy section */

/* Begin PBXCopyFilesBuildPhase section */
		A98286181B62498D0049D193 /* CopyFiles */ = {
			isa = PBXCopyFilesBuildPhase;
			buildActionMask = 2147483647;
			dstPath = /usr/share/man/man1/;
			dstSubfolderSpec = 0;
			files = (
			);
			runOnlyForDeploymentPostprocessing = 1;
		};
/* End PBXCopyFilesBuildPhase section */

/* Begin PBXFileReference section */
		A9043D811B63784A0081B774 /* NYCCore.framework */ = {isa = PBXFileReference; explicitFileType = wrapper.framework; includeInIndex = 0; path = NYCCore.framework; sourceTree = BUILT_PRODUCTS_DIR; };
		A9043D831B63784A0081B774 /* NYCCore.h */ = {isa = PBXFileReference; lastKnownFileType = sourcecode.c.h; path = NYCCore.h; sourceTree = "<group>"; };
		A9043D851B63784A0081B774 /* Info.plist */ = {isa = PBXFileReference; lastKnownFileType = text.plist.xml; path = Info.plist; sourceTree = "<group>"; };
		A9043D8A1B63784A0081B774 /* NYCCoreTests.xctest */ = {isa = PBXFileReference; explicitFileType = wrapper.cfbundle; includeInIndex = 0; path = NYCCoreTests.xctest; sourceTree = BUILT_PRODUCTS_DIR; };
		A9043D8F1B63784A0081B774 /* NYCCoreTests.m */ = {isa = PBXFileReference; lastKnownFileType = sourcecode.c.objc; path = NYCCoreTests.m; sourceTree = "<group>"; };
		A9043D911B63784A0081B774 /* Info.plist */ = {isa = PBXFileReference; lastKnownFileType = text.plist.xml; path = Info.plist; sourceTree = "<group>"; };
		A9043D981B6378690081B774 /* ImageProcessor.swift */ = {isa = PBXFileReference; fileEncoding = 4; lastKnownFileType = sourcecode.swift; path = ImageProcessor.swift; sourceTree = "<group>"; };
		A9043D991B6378690081B774 /* ImageScanner.swift */ = {isa = PBXFileReference; fileEncoding = 4; lastKnownFileType = sourcecode.swift; path = ImageScanner.swift; sourceTree = "<group>"; };
		A9043D9E1B6378690081B774 /* Options.swift */ = {isa = PBXFileReference; fileEncoding = 4; lastKnownFileType = sourcecode.swift; path = Options.swift; sourceTree = "<group>"; };
		A9043D9F1B6378690081B774 /* RAWConverter.swift */ = {isa = PBXFileReference; fileEncoding = 4; lastKnownFileType = sourcecode.swift; path = RAWConverter.swift; sourceTree = "<group>"; };
		A9043DA01B6378690081B774 /* Renamer.swift */ = {isa = PBXFileReference; fileEncoding = 4; lastKnownFileType = sourcecode.swift; path = Renamer.swift; sourceTree = "<group>"; };
		A9043DB31B6379650081B774 /* JGFPhotoMetadata.framework */ = {isa = PBXFileReference; explicitFileType = wrapper.framework; includeInIndex = 0; path = JGFPhotoMetadata.framework; sourceTree = BUILT_PRODUCTS_DIR; };
		A9043DB71B6379650081B774 /* Info.plist */ = {isa = PBXFileReference; lastKnownFileType = text.plist.xml; path = Info.plist; sourceTree = "<group>"; };
		A9043DBC1B6379650081B774 /* JGFPhotoMetadataTests.xctest */ = {isa = PBXFileReference; explicitFileType = wrapper.cfbundle; includeInIndex = 0; path = JGFPhotoMetadataTests.xctest; sourceTree = BUILT_PRODUCTS_DIR; };
		A9043DC11B6379650081B774 /* JGFPhotoMetadataTests.m */ = {isa = PBXFileReference; lastKnownFileType = sourcecode.c.objc; path = JGFPhotoMetadataTests.m; sourceTree = "<group>"; };
		A9043DC31B6379650081B774 /* Info.plist */ = {isa = PBXFileReference; lastKnownFileType = text.plist.xml; path = Info.plist; sourceTree = "<group>"; };
		A9043DCA1B63797D0081B774 /* JGFPhotoMetadata.h */ = {isa = PBXFileReference; fileEncoding = 4; lastKnownFileType = sourcecode.c.h; path = JGFPhotoMetadata.h; sourceTree = "<group>"; };
		A9043DCC1B63797D0081B774 /* JGFPhotoProperty.h */ = {isa = PBXFileReference; fileEncoding = 4; lastKnownFileType = sourcecode.c.h; path = JGFPhotoProperty.h; sourceTree = "<group>"; };
		A9043DCD1B63797D0081B774 /* JGFPhotoProperty.m */ = {isa = PBXFileReference; fileEncoding = 4; lastKnownFileType = sourcecode.c.objc; path = JGFPhotoProperty.m; sourceTree = "<group>"; };
		A9043DD21B6379E70081B774 /* JGFPhotoProperties.h */ = {isa = PBXFileReference; fileEncoding = 4; lastKnownFileType = sourcecode.c.h; path = JGFPhotoProperties.h; sourceTree = "<group>"; };
		A9043DD31B6379E70081B774 /* JGFPhotoProperties.m */ = {isa = PBXFileReference; fileEncoding = 4; lastKnownFileType = sourcecode.c.objc; path = JGFPhotoProperties.m; sourceTree = "<group>"; };
		A9043DD91B637D970081B774 /* JGFGPSPhotoProperties.h */ = {isa = PBXFileReference; fileEncoding = 4; lastKnownFileType = sourcecode.c.h; path = JGFGPSPhotoProperties.h; sourceTree = "<group>"; };
		A9043DDA1B637D970081B774 /* JGFGPSPhotoProperties.m */ = {isa = PBXFileReference; fileEncoding = 4; lastKnownFileType = sourcecode.c.objc; path = JGFGPSPhotoProperties.m; sourceTree = "<group>"; };
		A9043DE01B6385630081B774 /* JGFPhotoMetadataTests-Bridging-Header.h */ = {isa = PBXFileReference; lastKnownFileType = sourcecode.c.h; path = "JGFPhotoMetadataTests-Bridging-Header.h"; sourceTree = "<group>"; };
		A9043DE11B6385630081B774 /* JGFTGPSPhotoProperties.swift */ = {isa = PBXFileReference; fileEncoding = 4; lastKnownFileType = sourcecode.swift; path = JGFTGPSPhotoProperties.swift; sourceTree = "<group>"; };
		A9043DE31B638A9E0081B774 /* sallykins.jpg */ = {isa = PBXFileReference; lastKnownFileType = image.jpeg; path = sallykins.jpg; sourceTree = "<group>"; };
		A982861A1B62498D0049D193 /* nyc */ = {isa = PBXFileReference; explicitFileType = "compiled.mach-o.executable"; includeInIndex = 0; path = nyc; sourceTree = BUILT_PRODUCTS_DIR; };
		A982862D1B6249D70049D193 /* main.swift */ = {isa = PBXFileReference; fileEncoding = 4; lastKnownFileType = sourcecode.swift; path = main.swift; sourceTree = "<group>"; };
/* End PBXFileReference section */

/* Begin PBXFrameworksBuildPhase section */
		A9043D7D1B63784A0081B774 /* Frameworks */ = {
			isa = PBXFrameworksBuildPhase;
			buildActionMask = 2147483647;
			files = (
				A9043DD81B637A190081B774 /* JGFPhotoMetadata.framework in Frameworks */,
			);
			runOnlyForDeploymentPostprocessing = 0;
		};
		A9043D871B63784A0081B774 /* Frameworks */ = {
			isa = PBXFrameworksBuildPhase;
			buildActionMask = 2147483647;
			files = (
				A9043D8B1B63784A0081B774 /* NYCCore.framework in Frameworks */,
			);
			runOnlyForDeploymentPostprocessing = 0;
		};
		A9043DAF1B6379650081B774 /* Frameworks */ = {
			isa = PBXFrameworksBuildPhase;
			buildActionMask = 2147483647;
			files = (
			);
			runOnlyForDeploymentPostprocessing = 0;
		};
		A9043DB91B6379650081B774 /* Frameworks */ = {
			isa = PBXFrameworksBuildPhase;
			buildActionMask = 2147483647;
			files = (
				A9043DBD1B6379650081B774 /* JGFPhotoMetadata.framework in Frameworks */,
			);
			runOnlyForDeploymentPostprocessing = 0;
		};
		A98286171B62498D0049D193 /* Frameworks */ = {
			isa = PBXFrameworksBuildPhase;
			buildActionMask = 2147483647;
			files = (
				A9043DAD1B6378F90081B774 /* NYCCore.framework in Frameworks */,
			);
			runOnlyForDeploymentPostprocessing = 0;
		};
/* End PBXFrameworksBuildPhase section */

/* Begin PBXGroup section */
		A9043D821B63784A0081B774 /* NYCCore */ = {
			isa = PBXGroup;
			children = (
				A9043D981B6378690081B774 /* ImageProcessor.swift */,
				A9043D991B6378690081B774 /* ImageScanner.swift */,
				A9043D9E1B6378690081B774 /* Options.swift */,
				A9043D9F1B6378690081B774 /* RAWConverter.swift */,
				A9043DA01B6378690081B774 /* Renamer.swift */,
				A9043D831B63784A0081B774 /* NYCCore.h */,
				A9043D851B63784A0081B774 /* Info.plist */,
			);
			path = NYCCore;
			sourceTree = "<group>";
		};
		A9043D8E1B63784A0081B774 /* NYCCoreTests */ = {
			isa = PBXGroup;
			children = (
				A9043D8F1B63784A0081B774 /* NYCCoreTests.m */,
				A9043D911B63784A0081B774 /* Info.plist */,
			);
			path = NYCCoreTests;
			sourceTree = "<group>";
		};
		A9043DB41B6379650081B774 /* JGFPhotoMetadata */ = {
			isa = PBXGroup;
			children = (
				A9043DD21B6379E70081B774 /* JGFPhotoProperties.h */,
				A9043DD31B6379E70081B774 /* JGFPhotoProperties.m */,
				A9043DCA1B63797D0081B774 /* JGFPhotoMetadata.h */,
				A9043DCC1B63797D0081B774 /* JGFPhotoProperty.h */,
				A9043DCD1B63797D0081B774 /* JGFPhotoProperty.m */,
				A9043DB71B6379650081B774 /* Info.plist */,
				A9043DD91B637D970081B774 /* JGFGPSPhotoProperties.h */,
				A9043DDA1B637D970081B774 /* JGFGPSPhotoProperties.m */,
			);
			path = JGFPhotoMetadata;
			sourceTree = "<group>";
		};
		A9043DC01B6379650081B774 /* JGFPhotoMetadataTests */ = {
			isa = PBXGroup;
			children = (
				A9043DDD1B6385090081B774 /* Supporting */,
				A9043DC11B6379650081B774 /* JGFPhotoMetadataTests.m */,
				A9043DC31B6379650081B774 /* Info.plist */,
				A9043DE11B6385630081B774 /* JGFTGPSPhotoProperties.swift */,
				A9043DE01B6385630081B774 /* JGFPhotoMetadataTests-Bridging-Header.h */,
			);
			path = JGFPhotoMetadataTests;
			sourceTree = "<group>";
		};
		A9043DDD1B6385090081B774 /* Supporting */ = {
			isa = PBXGroup;
			children = (
				A9043DE31B638A9E0081B774 /* sallykins.jpg */,
			);
			name = Supporting;
			sourceTree = "<group>";
		};
		A98286111B62498D0049D193 = {
			isa = PBXGroup;
			children = (
				A982861C1B62498D0049D193 /* New York City */,
				A9043D821B63784A0081B774 /* NYCCore */,
				A9043D8E1B63784A0081B774 /* NYCCoreTests */,
				A9043DB41B6379650081B774 /* JGFPhotoMetadata */,
				A9043DC01B6379650081B774 /* JGFPhotoMetadataTests */,
				A982861B1B62498D0049D193 /* Products */,
			);
			sourceTree = "<group>";
		};
		A982861B1B62498D0049D193 /* Products */ = {
			isa = PBXGroup;
			children = (
				A982861A1B62498D0049D193 /* nyc */,
				A9043D811B63784A0081B774 /* NYCCore.framework */,
				A9043D8A1B63784A0081B774 /* NYCCoreTests.xctest */,
				A9043DB31B6379650081B774 /* JGFPhotoMetadata.framework */,
				A9043DBC1B6379650081B774 /* JGFPhotoMetadataTests.xctest */,
			);
			name = Products;
			sourceTree = "<group>";
		};
		A982861C1B62498D0049D193 /* New York City */ = {
			isa = PBXGroup;
			children = (
				A982862D1B6249D70049D193 /* main.swift */,
			);
			path = "New York City";
			sourceTree = "<group>";
		};
/* End PBXGroup section */

/* Begin PBXHeadersBuildPhase section */
		A9043D7E1B63784A0081B774 /* Headers */ = {
			isa = PBXHeadersBuildPhase;
			buildActionMask = 2147483647;
			files = (
				A9043D841B63784A0081B774 /* NYCCore.h in Headers */,
			);
			runOnlyForDeploymentPostprocessing = 0;
		};
		A9043DB01B6379650081B774 /* Headers */ = {
			isa = PBXHeadersBuildPhase;
			buildActionMask = 2147483647;
			files = (
				A9043DD01B63797D0081B774 /* JGFPhotoProperty.h in Headers */,
				A9043DCE1B63797D0081B774 /* JGFPhotoMetadata.h in Headers */,
				A9043DDB1B637D970081B774 /* JGFGPSPhotoProperties.h in Headers */,
				A9043DD41B6379E70081B774 /* JGFPhotoProperties.h in Headers */,
			);
			runOnlyForDeploymentPostprocessing = 0;
		};
/* End PBXHeadersBuildPhase section */

/* Begin PBXNativeTarget section */
		A9043D801B63784A0081B774 /* NYCCore */ = {
			isa = PBXNativeTarget;
			buildConfigurationList = A9043D961B63784A0081B774 /* Build configuration list for PBXNativeTarget "NYCCore" */;
			buildPhases = (
				A9043D7C1B63784A0081B774 /* Sources */,
				A9043D7D1B63784A0081B774 /* Frameworks */,
				A9043D7E1B63784A0081B774 /* Headers */,
				A9043D7F1B63784A0081B774 /* Resources */,
			);
			buildRules = (
			);
			dependencies = (
				A9043DD71B637A130081B774 /* PBXTargetDependency */,
			);
			name = NYCCore;
			productName = NYCCore;
			productReference = A9043D811B63784A0081B774 /* NYCCore.framework */;
			productType = "com.apple.product-type.framework";
		};
		A9043D891B63784A0081B774 /* NYCCoreTests */ = {
			isa = PBXNativeTarget;
			buildConfigurationList = A9043D971B63784A0081B774 /* Build configuration list for PBXNativeTarget "NYCCoreTests" */;
			buildPhases = (
				A9043D861B63784A0081B774 /* Sources */,
				A9043D871B63784A0081B774 /* Frameworks */,
				A9043D881B63784A0081B774 /* Resources */,
			);
			buildRules = (
			);
			dependencies = (
				A9043D8D1B63784A0081B774 /* PBXTargetDependency */,
			);
			name = NYCCoreTests;
			productName = NYCCoreTests;
			productReference = A9043D8A1B63784A0081B774 /* NYCCoreTests.xctest */;
			productType = "com.apple.product-type.bundle.unit-test";
		};
		A9043DB21B6379650081B774 /* JGFPhotoMetadata */ = {
			isa = PBXNativeTarget;
			buildConfigurationList = A9043DC41B6379650081B774 /* Build configuration list for PBXNativeTarget "JGFPhotoMetadata" */;
			buildPhases = (
				A9043DAE1B6379650081B774 /* Sources */,
				A9043DAF1B6379650081B774 /* Frameworks */,
				A9043DB01B6379650081B774 /* Headers */,
				A9043DB11B6379650081B774 /* Resources */,
			);
			buildRules = (
			);
			dependencies = (
			);
			name = JGFPhotoMetadata;
			productName = JGFPhotoMetadata;
			productReference = A9043DB31B6379650081B774 /* JGFPhotoMetadata.framework */;
			productType = "com.apple.product-type.framework";
		};
		A9043DBB1B6379650081B774 /* JGFPhotoMetadataTests */ = {
			isa = PBXNativeTarget;
			buildConfigurationList = A9043DC71B6379650081B774 /* Build configuration list for PBXNativeTarget "JGFPhotoMetadataTests" */;
			buildPhases = (
				A9043DB81B6379650081B774 /* Sources */,
				A9043DB91B6379650081B774 /* Frameworks */,
				A9043DBA1B6379650081B774 /* Resources */,
			);
			buildRules = (
			);
			dependencies = (
				A9043DBF1B6379650081B774 /* PBXTargetDependency */,
			);
			name = JGFPhotoMetadataTests;
			productName = JGFPhotoMetadataTests;
			productReference = A9043DBC1B6379650081B774 /* JGFPhotoMetadataTests.xctest */;
			productType = "com.apple.product-type.bundle.unit-test";
		};
		A98286191B62498D0049D193 /* New York City */ = {
			isa = PBXNativeTarget;
			buildConfigurationList = A98286211B62498D0049D193 /* Build configuration list for PBXNativeTarget "New York City" */;
			buildPhases = (
				A98286161B62498D0049D193 /* Sources */,
				A98286171B62498D0049D193 /* Frameworks */,
				A98286181B62498D0049D193 /* CopyFiles */,
			);
			buildRules = (
			);
			dependencies = (
				A9043DAC1B6378F30081B774 /* PBXTargetDependency */,
			);
			name = "New York City";
			productName = "New York City";
			productReference = A982861A1B62498D0049D193 /* nyc */;
			productType = "com.apple.product-type.tool";
		};
/* End PBXNativeTarget section */

/* Begin PBXProject section */
		A98286121B62498D0049D193 /* Project object */ = {
			isa = PBXProject;
			attributes = {
				LastSwiftUpdateCheck = 0700;
				LastUpgradeCheck = 0700;
				ORGANIZATIONNAME = "josh-fuggle";
				TargetAttributes = {
					A9043D801B63784A0081B774 = {
						CreatedOnToolsVersion = 7.0;
					};
					A9043D891B63784A0081B774 = {
						CreatedOnToolsVersion = 7.0;
					};
					A9043DB21B6379650081B774 = {
						CreatedOnToolsVersion = 7.0;
					};
					A9043DBB1B6379650081B774 = {
						CreatedOnToolsVersion = 7.0;
					};
					A98286191B62498D0049D193 = {
						CreatedOnToolsVersion = 6.4;
					};
				};
			};
			buildConfigurationList = A98286151B62498D0049D193 /* Build configuration list for PBXProject "New York City" */;
			compatibilityVersion = "Xcode 3.2";
			developmentRegion = English;
			hasScannedForEncodings = 0;
			knownRegions = (
				en,
			);
			mainGroup = A98286111B62498D0049D193;
			productRefGroup = A982861B1B62498D0049D193 /* Products */;
			projectDirPath = "";
			projectRoot = "";
			targets = (
				A98286191B62498D0049D193 /* New York City */,
				A9043D801B63784A0081B774 /* NYCCore */,
				A9043D891B63784A0081B774 /* NYCCoreTests */,
				A9043DB21B6379650081B774 /* JGFPhotoMetadata */,
				A9043DBB1B6379650081B774 /* JGFPhotoMetadataTests */,
			);
		};
/* End PBXProject section */

/* Begin PBXResourcesBuildPhase section */
		A9043D7F1B63784A0081B774 /* Resources */ = {
			isa = PBXResourcesBuildPhase;
			buildActionMask = 2147483647;
			files = (
			);
			runOnlyForDeploymentPostprocessing = 0;
		};
		A9043D881B63784A0081B774 /* Resources */ = {
			isa = PBXResourcesBuildPhase;
			buildActionMask = 2147483647;
			files = (
			);
			runOnlyForDeploymentPostprocessing = 0;
		};
		A9043DB11B6379650081B774 /* Resources */ = {
			isa = PBXResourcesBuildPhase;
			buildActionMask = 2147483647;
			files = (
			);
			runOnlyForDeploymentPostprocessing = 0;
		};
		A9043DBA1B6379650081B774 /* Resources */ = {
			isa = PBXResourcesBuildPhase;
			buildActionMask = 2147483647;
			files = (
				A9043DE41B638A9E0081B774 /* sallykins.jpg in Resources */,
			);
			runOnlyForDeploymentPostprocessing = 0;
		};
/* End PBXResourcesBuildPhase section */

/* Begin PBXSourcesBuildPhase section */
		A9043D7C1B63784A0081B774 /* Sources */ = {
			isa = PBXSourcesBuildPhase;
			buildActionMask = 2147483647;
			files = (
				A9043DA91B6378690081B774 /* Renamer.swift in Sources */,
				A9043DA21B6378690081B774 /* ImageScanner.swift in Sources */,
				A9043DA11B6378690081B774 /* ImageProcessor.swift in Sources */,
				A9043DA71B6378690081B774 /* Options.swift in Sources */,
				A9043DA81B6378690081B774 /* RAWConverter.swift in Sources */,
			);
			runOnlyForDeploymentPostprocessing = 0;
		};
		A9043D861B63784A0081B774 /* Sources */ = {
			isa = PBXSourcesBuildPhase;
			buildActionMask = 2147483647;
			files = (
				A9043D901B63784A0081B774 /* NYCCoreTests.m in Sources */,
			);
			runOnlyForDeploymentPostprocessing = 0;
		};
		A9043DAE1B6379650081B774 /* Sources */ = {
			isa = PBXSourcesBuildPhase;
			buildActionMask = 2147483647;
			files = (
				A9043DD11B63797D0081B774 /* JGFPhotoProperty.m in Sources */,
				A9043DDC1B637D970081B774 /* JGFGPSPhotoProperties.m in Sources */,
				A9043DD51B6379E70081B774 /* JGFPhotoProperties.m in Sources */,
			);
			runOnlyForDeploymentPostprocessing = 0;
		};
		A9043DB81B6379650081B774 /* Sources */ = {
			isa = PBXSourcesBuildPhase;
			buildActionMask = 2147483647;
			files = (
				A9043DC21B6379650081B774 /* JGFPhotoMetadataTests.m in Sources */,
				A9043DE21B6385630081B774 /* JGFTGPSPhotoProperties.swift in Sources */,
			);
			runOnlyForDeploymentPostprocessing = 0;
		};
		A98286161B62498D0049D193 /* Sources */ = {
			isa = PBXSourcesBuildPhase;
			buildActionMask = 2147483647;
			files = (
				A98286331B6249D70049D193 /* main.swift in Sources */,
			);
			runOnlyForDeploymentPostprocessing = 0;
		};
/* End PBXSourcesBuildPhase section */

/* Begin PBXTargetDependency section */
		A9043D8D1B63784A0081B774 /* PBXTargetDependency */ = {
			isa = PBXTargetDependency;
			target = A9043D801B63784A0081B774 /* NYCCore */;
			targetProxy = A9043D8C1B63784A0081B774 /* PBXContainerItemProxy */;
		};
		A9043DAC1B6378F30081B774 /* PBXTargetDependency */ = {
			isa = PBXTargetDependency;
			target = A9043D801B63784A0081B774 /* NYCCore */;
			targetProxy = A9043DAB1B6378F30081B774 /* PBXContainerItemProxy */;
		};
		A9043DBF1B6379650081B774 /* PBXTargetDependency */ = {
			isa = PBXTargetDependency;
			target = A9043DB21B6379650081B774 /* JGFPhotoMetadata */;
			targetProxy = A9043DBE1B6379650081B774 /* PBXContainerItemProxy */;
		};
		A9043DD71B637A130081B774 /* PBXTargetDependency */ = {
			isa = PBXTargetDependency;
			target = A9043DB21B6379650081B774 /* JGFPhotoMetadata */;
			targetProxy = A9043DD61B637A130081B774 /* PBXContainerItemProxy */;
		};
/* End PBXTargetDependency section */

/* Begin XCBuildConfiguration section */
		A9043D921B63784A0081B774 /* Debug */ = {
			isa = XCBuildConfiguration;
			buildSettings = {
				CLANG_ENABLE_MODULES = YES;
				COMBINE_HIDPI_IMAGES = YES;
				CURRENT_PROJECT_VERSION = 1;
				DEFINES_MODULE = YES;
				DYLIB_COMPATIBILITY_VERSION = 1;
				DYLIB_CURRENT_VERSION = 1;
				DYLIB_INSTALL_NAME_BASE = "@rpath";
				FRAMEWORK_VERSION = A;
				INFOPLIST_FILE = NYCCore/Info.plist;
				INSTALL_PATH = "$(LOCAL_LIBRARY_DIR)/Frameworks";
				LD_RUNPATH_SEARCH_PATHS = "$(inherited) @executable_path/../Frameworks @loader_path/Frameworks";
				PRODUCT_BUNDLE_IDENTIFIER = coffee.josh.NYCCore;
				PRODUCT_NAME = "$(TARGET_NAME)";
				SKIP_INSTALL = YES;
				SWIFT_INSTALL_OBJC_HEADER = NO;
				SWIFT_OBJC_BRIDGING_HEADER = "";
				SWIFT_OPTIMIZATION_LEVEL = "-Onone";
				VERSIONING_SYSTEM = "apple-generic";
				VERSION_INFO_PREFIX = "";
			};
			name = Debug;
		};
		A9043D931B63784A0081B774 /* Release */ = {
			isa = XCBuildConfiguration;
			buildSettings = {
				CLANG_ENABLE_MODULES = YES;
				COMBINE_HIDPI_IMAGES = YES;
				CURRENT_PROJECT_VERSION = 1;
				DEFINES_MODULE = YES;
				DYLIB_COMPATIBILITY_VERSION = 1;
				DYLIB_CURRENT_VERSION = 1;
				DYLIB_INSTALL_NAME_BASE = "@rpath";
				FRAMEWORK_VERSION = A;
				INFOPLIST_FILE = NYCCore/Info.plist;
				INSTALL_PATH = "$(LOCAL_LIBRARY_DIR)/Frameworks";
				LD_RUNPATH_SEARCH_PATHS = "$(inherited) @executable_path/../Frameworks @loader_path/Frameworks";
				PRODUCT_BUNDLE_IDENTIFIER = coffee.josh.NYCCore;
				PRODUCT_NAME = "$(TARGET_NAME)";
				SKIP_INSTALL = YES;
				SWIFT_INSTALL_OBJC_HEADER = NO;
				SWIFT_OBJC_BRIDGING_HEADER = "";
				VERSIONING_SYSTEM = "apple-generic";
				VERSION_INFO_PREFIX = "";
			};
			name = Release;
		};
		A9043D941B63784A0081B774 /* Debug */ = {
			isa = XCBuildConfiguration;
			buildSettings = {
				COMBINE_HIDPI_IMAGES = YES;
				INFOPLIST_FILE = NYCCoreTests/Info.plist;
				LD_RUNPATH_SEARCH_PATHS = "$(inherited) @executable_path/../Frameworks @loader_path/../Frameworks";
				PRODUCT_BUNDLE_IDENTIFIER = coffee.josh.NYCCoreTests;
				PRODUCT_NAME = "$(TARGET_NAME)";
			};
			name = Debug;
		};
		A9043D951B63784A0081B774 /* Release */ = {
			isa = XCBuildConfiguration;
			buildSettings = {
				COMBINE_HIDPI_IMAGES = YES;
				INFOPLIST_FILE = NYCCoreTests/Info.plist;
				LD_RUNPATH_SEARCH_PATHS = "$(inherited) @executable_path/../Frameworks @loader_path/../Frameworks";
				PRODUCT_BUNDLE_IDENTIFIER = coffee.josh.NYCCoreTests;
				PRODUCT_NAME = "$(TARGET_NAME)";
			};
			name = Release;
		};
		A9043DC51B6379650081B774 /* Debug */ = {
			isa = XCBuildConfiguration;
			buildSettings = {
				COMBINE_HIDPI_IMAGES = YES;
				CURRENT_PROJECT_VERSION = 1;
				DEFINES_MODULE = YES;
				DYLIB_COMPATIBILITY_VERSION = 1;
				DYLIB_CURRENT_VERSION = 1;
				DYLIB_INSTALL_NAME_BASE = "@rpath";
				FRAMEWORK_VERSION = A;
				INFOPLIST_FILE = JGFPhotoMetadata/Info.plist;
				INSTALL_PATH = "$(LOCAL_LIBRARY_DIR)/Frameworks";
				LD_RUNPATH_SEARCH_PATHS = "$(inherited) @executable_path/../Frameworks @loader_path/Frameworks";
				PRODUCT_BUNDLE_IDENTIFIER = coffee.josh.JGFPhotoMetadata;
				PRODUCT_NAME = "$(TARGET_NAME)";
				SKIP_INSTALL = YES;
				VERSIONING_SYSTEM = "apple-generic";
				VERSION_INFO_PREFIX = "";
			};
			name = Debug;
		};
		A9043DC61B6379650081B774 /* Release */ = {
			isa = XCBuildConfiguration;
			buildSettings = {
				COMBINE_HIDPI_IMAGES = YES;
				CURRENT_PROJECT_VERSION = 1;
				DEFINES_MODULE = YES;
				DYLIB_COMPATIBILITY_VERSION = 1;
				DYLIB_CURRENT_VERSION = 1;
				DYLIB_INSTALL_NAME_BASE = "@rpath";
				FRAMEWORK_VERSION = A;
				INFOPLIST_FILE = JGFPhotoMetadata/Info.plist;
				INSTALL_PATH = "$(LOCAL_LIBRARY_DIR)/Frameworks";
				LD_RUNPATH_SEARCH_PATHS = "$(inherited) @executable_path/../Frameworks @loader_path/Frameworks";
				PRODUCT_BUNDLE_IDENTIFIER = coffee.josh.JGFPhotoMetadata;
				PRODUCT_NAME = "$(TARGET_NAME)";
				SKIP_INSTALL = YES;
				VERSIONING_SYSTEM = "apple-generic";
				VERSION_INFO_PREFIX = "";
			};
			name = Release;
		};
		A9043DC81B6379650081B774 /* Debug */ = {
			isa = XCBuildConfiguration;
			buildSettings = {
				CLANG_ENABLE_MODULES = YES;
				COMBINE_HIDPI_IMAGES = YES;
				INFOPLIST_FILE = JGFPhotoMetadataTests/Info.plist;
				LD_RUNPATH_SEARCH_PATHS = "$(inherited) @executable_path/../Frameworks @loader_path/../Frameworks";
				PRODUCT_BUNDLE_IDENTIFIER = coffee.josh.JGFPhotoMetadataTests;
				PRODUCT_NAME = "$(TARGET_NAME)";
				SWIFT_OBJC_BRIDGING_HEADER = "JGFPhotoMetadataTests/JGFPhotoMetadataTests-Bridging-Header.h";
				SWIFT_OPTIMIZATION_LEVEL = "-Onone";
			};
			name = Debug;
		};
		A9043DC91B6379650081B774 /* Release */ = {
			isa = XCBuildConfiguration;
			buildSettings = {
				CLANG_ENABLE_MODULES = YES;
				COMBINE_HIDPI_IMAGES = YES;
				INFOPLIST_FILE = JGFPhotoMetadataTests/Info.plist;
				LD_RUNPATH_SEARCH_PATHS = "$(inherited) @executable_path/../Frameworks @loader_path/../Frameworks";
				PRODUCT_BUNDLE_IDENTIFIER = coffee.josh.JGFPhotoMetadataTests;
				PRODUCT_NAME = "$(TARGET_NAME)";
				SWIFT_OBJC_BRIDGING_HEADER = "JGFPhotoMetadataTests/JGFPhotoMetadataTests-Bridging-Header.h";
			};
			name = Release;
		};
		A982861F1B62498D0049D193 /* Debug */ = {
			isa = XCBuildConfiguration;
			buildSettings = {
				ALWAYS_SEARCH_USER_PATHS = NO;
				CLANG_CXX_LANGUAGE_STANDARD = "gnu++0x";
				CLANG_CXX_LIBRARY = "libc++";
				CLANG_ENABLE_MODULES = YES;
				CLANG_ENABLE_OBJC_ARC = YES;
				CLANG_WARN_BOOL_CONVERSION = YES;
				CLANG_WARN_CONSTANT_CONVERSION = YES;
				CLANG_WARN_DIRECT_OBJC_ISA_USAGE = YES_ERROR;
				CLANG_WARN_EMPTY_BODY = YES;
				CLANG_WARN_ENUM_CONVERSION = YES;
				CLANG_WARN_INT_CONVERSION = YES;
				CLANG_WARN_OBJC_ROOT_CLASS = YES_ERROR;
				CLANG_WARN_UNREACHABLE_CODE = YES;
				CLANG_WARN__DUPLICATE_METHOD_MATCH = YES;
				COPY_PHASE_STRIP = NO;
				DEBUG_INFORMATION_FORMAT = dwarf;
				ENABLE_STRICT_OBJC_MSGSEND = YES;
				ENABLE_TESTABILITY = YES;
				GCC_C_LANGUAGE_STANDARD = gnu99;
				GCC_DYNAMIC_NO_PIC = NO;
				GCC_NO_COMMON_BLOCKS = YES;
				GCC_OPTIMIZATION_LEVEL = 0;
				GCC_PREPROCESSOR_DEFINITIONS = (
					"DEBUG=1",
					"$(inherited)",
				);
				GCC_SYMBOLS_PRIVATE_EXTERN = NO;
				GCC_WARN_64_TO_32_BIT_CONVERSION = YES;
				GCC_WARN_ABOUT_RETURN_TYPE = YES_ERROR;
				GCC_WARN_UNDECLARED_SELECTOR = YES;
				GCC_WARN_UNINITIALIZED_AUTOS = YES_AGGRESSIVE;
				GCC_WARN_UNUSED_FUNCTION = YES;
				GCC_WARN_UNUSED_VARIABLE = YES;
				MACOSX_DEPLOYMENT_TARGET = 10.10;
				MTL_ENABLE_DEBUG_INFO = YES;
				ONLY_ACTIVE_ARCH = YES;
				SDKROOT = macosx;
				SWIFT_OPTIMIZATION_LEVEL = "-Onone";
			};
			name = Debug;
		};
		A98286201B62498D0049D193 /* Release */ = {
			isa = XCBuildConfiguration;
			buildSettings = {
				ALWAYS_SEARCH_USER_PATHS = NO;
				CLANG_CXX_LANGUAGE_STANDARD = "gnu++0x";
				CLANG_CXX_LIBRARY = "libc++";
				CLANG_ENABLE_MODULES = YES;
				CLANG_ENABLE_OBJC_ARC = YES;
				CLANG_WARN_BOOL_CONVERSION = YES;
				CLANG_WARN_CONSTANT_CONVERSION = YES;
				CLANG_WARN_DIRECT_OBJC_ISA_USAGE = YES_ERROR;
				CLANG_WARN_EMPTY_BODY = YES;
				CLANG_WARN_ENUM_CONVERSION = YES;
				CLANG_WARN_INT_CONVERSION = YES;
				CLANG_WARN_OBJC_ROOT_CLASS = YES_ERROR;
				CLANG_WARN_UNREACHABLE_CODE = YES;
				CLANG_WARN__DUPLICATE_METHOD_MATCH = YES;
				COPY_PHASE_STRIP = NO;
				DEBUG_INFORMATION_FORMAT = "dwarf-with-dsym";
				ENABLE_NS_ASSERTIONS = NO;
				ENABLE_STRICT_OBJC_MSGSEND = YES;
				GCC_C_LANGUAGE_STANDARD = gnu99;
				GCC_NO_COMMON_BLOCKS = YES;
				GCC_WARN_64_TO_32_BIT_CONVERSION = YES;
				GCC_WARN_ABOUT_RETURN_TYPE = YES_ERROR;
				GCC_WARN_UNDECLARED_SELECTOR = YES;
				GCC_WARN_UNINITIALIZED_AUTOS = YES_AGGRESSIVE;
				GCC_WARN_UNUSED_FUNCTION = YES;
				GCC_WARN_UNUSED_VARIABLE = YES;
				MACOSX_DEPLOYMENT_TARGET = 10.10;
				MTL_ENABLE_DEBUG_INFO = NO;
				SDKROOT = macosx;
			};
			name = Release;
		};
		A98286221B62498D0049D193 /* Debug */ = {
			isa = XCBuildConfiguration;
			buildSettings = {
				CLANG_ENABLE_MODULES = YES;
				LD_RUNPATH_SEARCH_PATHS = "$(inherited) @executable_path/../Frameworks @loader_path/../Frameworks";
				PRODUCT_NAME = nyc;
				SWIFT_INSTALL_OBJC_HEADER = NO;
				SWIFT_OBJC_BRIDGING_HEADER = "";
				SWIFT_OPTIMIZATION_LEVEL = "-Onone";
			};
			name = Debug;
		};
		A98286231B62498D0049D193 /* Release */ = {
			isa = XCBuildConfiguration;
			buildSettings = {
				CLANG_ENABLE_MODULES = YES;
				LD_RUNPATH_SEARCH_PATHS = "$(inherited) @executable_path/../Frameworks @loader_path/../Frameworks";
				PRODUCT_NAME = nyc;
				SWIFT_INSTALL_OBJC_HEADER = NO;
				SWIFT_OBJC_BRIDGING_HEADER = "";
			};
			name = Release;
		};
/* End XCBuildConfiguration section */

/* Begin XCConfigurationList section */
		A9043D961B63784A0081B774 /* Build configuration list for PBXNativeTarget "NYCCore" */ = {
			isa = XCConfigurationList;
			buildConfigurations = (
				A9043D921B63784A0081B774 /* Debug */,
				A9043D931B63784A0081B774 /* Release */,
			);
			defaultConfigurationIsVisible = 0;
		};
		A9043D971B63784A0081B774 /* Build configuration list for PBXNativeTarget "NYCCoreTests" */ = {
			isa = XCConfigurationList;
			buildConfigurations = (
				A9043D941B63784A0081B774 /* Debug */,
				A9043D951B63784A0081B774 /* Release */,
			);
			defaultConfigurationIsVisible = 0;
		};
		A9043DC41B6379650081B774 /* Build configuration list for PBXNativeTarget "JGFPhotoMetadata" */ = {
			isa = XCConfigurationList;
			buildConfigurations = (
				A9043DC51B6379650081B774 /* Debug */,
				A9043DC61B6379650081B774 /* Release */,
			);
			defaultConfigurationIsVisible = 0;
		};
		A9043DC71B6379650081B774 /* Build configuration list for PBXNativeTarget "JGFPhotoMetadataTests" */ = {
			isa = XCConfigurationList;
			buildConfigurations = (
				A9043DC81B6379650081B774 /* Debug */,
				A9043DC91B6379650081B774 /* Release */,
			);
			defaultConfigurationIsVisible = 0;
		};
		A98286151B62498D0049D193 /* Build configuration list for PBXProject "New York City" */ = {
			isa = XCConfigurationList;
			buildConfigurations = (
				A982861F1B62498D0049D193 /* Debug */,
				A98286201B62498D0049D193 /* Release */,
			);
			defaultConfigurationIsVisible = 0;
			defaultConfigurationName = Release;
		};
		A98286211B62498D0049D193 /* Build configuration list for PBXNativeTarget "New York City" */ = {
			isa = XCConfigurationList;
			buildConfigurations = (
				A98286221B62498D0049D193 /* Debug */,
				A98286231B62498D0049D193 /* Release */,
			);
			defaultConfigurationIsVisible = 0;
			defaultConfigurationName = Release;
		};
/* End XCConfigurationList section */
	};
	rootObject = A98286121B62498D0049D193 /* Project object */;
}
